
Microsoft Visual Studio Solution File, Format Version 12.00
# Visual Studio Version 17
VisualStudioVersion = 17.14.36109.1 d17.14
MinimumVisualStudioVersion = 10.0.40219.1
Project("{FAE04EC0-301F-11D3-BF4B-00C04F79EFBC}") = "lesson3", "lesson3\lesson3.csproj", "{033983A2-5CA0-4220-8BDC-B533E022EDFB}"
EndProject
Global
	GlobalSection(SolutionConfigurationPlatforms) = preSolution
		Debug|Any CPU = Debug|Any CPU
		Release|Any CPU = Release|Any CPU
	EndGlobalSection
	GlobalSection(ProjectConfigurationPlatforms) = postSolution
		{033983A2-5CA0-4220-8BDC-B533E022EDFB}.Debug|Any CPU.ActiveCfg = Debug|Any CPU
		{033983A2-5CA0-4220-8BDC-B533E022EDFB}.Debug|Any CPU.Build.0 = Debug|Any CPU
		{033983A2-5CA0-4220-8BDC-B533E022EDFB}.Release|Any CPU.ActiveCfg = Release|Any CPU
		{033983A2-5CA0-4220-8BDC-B533E022EDFB}.Release|Any CPU.Build.0 = Release|Any CPU
	EndGlobalSection
	GlobalSection(SolutionProperties) = preSolution
		HideSolutionNode = FALSE
	EndGlobalSection
	GlobalSection(ExtensibilityGlobals) = postSolution
		SolutionGuid = {C284FF61-A735-4EBD-8292-59543FB7EC3C}
	EndGlobalSection
EndGlobal
